
Microsoft Visual Studio Solution File, Format Version 12.00
# Visual Studio Version 16
VisualStudioVersion = 16.0.30002.166
MinimumVisualStudioVersion = 10.0.40219.1
Project("{F184B08F-C81C-45F6-A57F-5ABD9991F28F}") = "Sellars.LineConfig", "Sellars.LineConfig\Sellars.LineConfig.vbproj", "{E58F36FE-38F6-4974-B849-337AFCF917E4}"
EndProject
Project("{F184B08F-C81C-45F6-A57F-5ABD9991F28F}") = "Sellars.Reel", "Sellars.Reel\Sellars.Reel.vbproj", "{9B5CDC9E-C110-4676-91F2-81B7688320FE}"
EndProject
Project("{F184B08F-C81C-45F6-A57F-5ABD9991F28F}") = "SellarsQualityControl", "SellarsQualityControl\SellarsQualityControl.vbproj", "{98D5D339-7EEC-43CA-B6A1-EE95B19DDEEE}"
EndProject
Project("{F184B08F-C81C-45F6-A57F-5ABD9991F28F}") = "Sellars.DRCLib", "Sellars.DRCLib\Sellars.DRCLib.vbproj", "{792F5FF7-45CB-4866-871E-D9F45B4D473D}"
	ProjectSection(ProjectDependencies) = postProject
		{6510FF9D-EE1D-4911-98F3-305AD85E9858} = {6510FF9D-EE1D-4911-98F3-305AD85E9858}
	EndProjectSection
EndProject
Project("{F184B08F-C81C-45F6-A57F-5ABD9991F28F}") = "SellarsSQL", "SellarsSQL\SellarsSQL.vbproj", "{6510FF9D-EE1D-4911-98F3-305AD85E9858}"
EndProject
Project("{FAE04EC0-301F-11D3-BF4B-00C04F79EFBC}") = "Sellars.DRCLibTest", "Sellars.DRCLibTest\Sellars.DRCLibTest.csproj", "{A3B9AAEE-7B49-47F9-92C1-5840DB68889A}"
EndProject
Global
	GlobalSection(SolutionConfigurationPlatforms) = preSolution
		Debug|Any CPU = Debug|Any CPU
		Debug|x64 = Debug|x64
		Debug|x86 = Debug|x86
		Release|Any CPU = Release|Any CPU
		Release|x64 = Release|x64
		Release|x86 = Release|x86
	EndGlobalSection
	GlobalSection(ProjectConfigurationPlatforms) = postSolution
		{E58F36FE-38F6-4974-B849-337AFCF917E4}.Debug|Any CPU.ActiveCfg = Debug|Any CPU
		{E58F36FE-38F6-4974-B849-337AFCF917E4}.Debug|Any CPU.Build.0 = Debug|Any CPU
		{E58F36FE-38F6-4974-B849-337AFCF917E4}.Debug|x64.ActiveCfg = Debug|x64
		{E58F36FE-38F6-4974-B849-337AFCF917E4}.Debug|x64.Build.0 = Debug|x64
		{E58F36FE-38F6-4974-B849-337AFCF917E4}.Debug|x86.ActiveCfg = Debug|x86
		{E58F36FE-38F6-4974-B849-337AFCF917E4}.Debug|x86.Build.0 = Debug|x86
		{E58F36FE-38F6-4974-B849-337AFCF917E4}.Release|Any CPU.ActiveCfg = Release|Any CPU
		{E58F36FE-38F6-4974-B849-337AFCF917E4}.Release|Any CPU.Build.0 = Release|Any CPU
		{E58F36FE-38F6-4974-B849-337AFCF917E4}.Release|x64.ActiveCfg = Release|x64
		{E58F36FE-38F6-4974-B849-337AFCF917E4}.Release|x64.Build.0 = Release|x64
		{E58F36FE-38F6-4974-B849-337AFCF917E4}.Release|x86.ActiveCfg = Release|Any CPU
		{9B5CDC9E-C110-4676-91F2-81B7688320FE}.Debug|Any CPU.ActiveCfg = Debug|Any CPU
		{9B5CDC9E-C110-4676-91F2-81B7688320FE}.Debug|Any CPU.Build.0 = Debug|Any CPU
		{9B5CDC9E-C110-4676-91F2-81B7688320FE}.Debug|x64.ActiveCfg = Debug|x64
		{9B5CDC9E-C110-4676-91F2-81B7688320FE}.Debug|x64.Build.0 = Debug|x64
		{9B5CDC9E-C110-4676-91F2-81B7688320FE}.Debug|x86.ActiveCfg = Debug|x86
		{9B5CDC9E-C110-4676-91F2-81B7688320FE}.Debug|x86.Build.0 = Debug|x86
		{9B5CDC9E-C110-4676-91F2-81B7688320FE}.Release|Any CPU.ActiveCfg = Release|Any CPU
		{9B5CDC9E-C110-4676-91F2-81B7688320FE}.Release|Any CPU.Build.0 = Release|Any CPU
		{9B5CDC9E-C110-4676-91F2-81B7688320FE}.Release|x64.ActiveCfg = Release|x64
		{9B5CDC9E-C110-4676-91F2-81B7688320FE}.Release|x64.Build.0 = Release|x64
		{9B5CDC9E-C110-4676-91F2-81B7688320FE}.Release|x86.ActiveCfg = Release|Any CPU
		{98D5D339-7EEC-43CA-B6A1-EE95B19DDEEE}.Debug|Any CPU.ActiveCfg = Debug|Any CPU
		{98D5D339-7EEC-43CA-B6A1-EE95B19DDEEE}.Debug|Any CPU.Build.0 = Debug|Any CPU
		{98D5D339-7EEC-43CA-B6A1-EE95B19DDEEE}.Debug|x64.ActiveCfg = Debug|x64
		{98D5D339-7EEC-43CA-B6A1-EE95B19DDEEE}.Debug|x64.Build.0 = Debug|x64
		{98D5D339-7EEC-43CA-B6A1-EE95B19DDEEE}.Debug|x86.ActiveCfg = Debug|x86
		{98D5D339-7EEC-43CA-B6A1-EE95B19DDEEE}.Debug|x86.Build.0 = Debug|x86
		{98D5D339-7EEC-43CA-B6A1-EE95B19DDEEE}.Release|Any CPU.ActiveCfg = Release|Any CPU
		{98D5D339-7EEC-43CA-B6A1-EE95B19DDEEE}.Release|Any CPU.Build.0 = Release|Any CPU
		{98D5D339-7EEC-43CA-B6A1-EE95B19DDEEE}.Release|x64.ActiveCfg = Release|x64
		{98D5D339-7EEC-43CA-B6A1-EE95B19DDEEE}.Release|x64.Build.0 = Release|x64
		{98D5D339-7EEC-43CA-B6A1-EE95B19DDEEE}.Release|x86.ActiveCfg = Release|Any CPU
		{792F5FF7-45CB-4866-871E-D9F45B4D473D}.Debug|Any CPU.ActiveCfg = Debug|Any CPU
		{792F5FF7-45CB-4866-871E-D9F45B4D473D}.Debug|Any CPU.Build.0 = Debug|Any CPU
		{792F5FF7-45CB-4866-871E-D9F45B4D473D}.Debug|x64.ActiveCfg = Debug|x64
		{792F5FF7-45CB-4866-871E-D9F45B4D473D}.Debug|x64.Build.0 = Debug|x64
		{792F5FF7-45CB-4866-871E-D9F45B4D473D}.Debug|x86.ActiveCfg = Debug|x86
		{792F5FF7-45CB-4866-871E-D9F45B4D473D}.Debug|x86.Build.0 = Debug|x86
		{792F5FF7-45CB-4866-871E-D9F45B4D473D}.Release|Any CPU.ActiveCfg = Release|Any CPU
		{792F5FF7-45CB-4866-871E-D9F45B4D473D}.Release|Any CPU.Build.0 = Release|Any CPU
		{792F5FF7-45CB-4866-871E-D9F45B4D473D}.Release|x64.ActiveCfg = Release|x64
		{792F5FF7-45CB-4866-871E-D9F45B4D473D}.Release|x64.Build.0 = Release|x64
		{792F5FF7-45CB-4866-871E-D9F45B4D473D}.Release|x86.ActiveCfg = Release|x86
		{792F5FF7-45CB-4866-871E-D9F45B4D473D}.Release|x86.Build.0 = Release|x86
		{6510FF9D-EE1D-4911-98F3-305AD85E9858}.Debug|Any CPU.ActiveCfg = Debug|Any CPU
		{6510FF9D-EE1D-4911-98F3-305AD85E9858}.Debug|Any CPU.Build.0 = Debug|Any CPU
		{6510FF9D-EE1D-4911-98F3-305AD85E9858}.Debug|x64.ActiveCfg = Debug|x64
		{6510FF9D-EE1D-4911-98F3-305AD85E9858}.Debug|x64.Build.0 = Debug|x64
		{6510FF9D-EE1D-4911-98F3-305AD85E9858}.Debug|x86.ActiveCfg = Debug|x86
		{6510FF9D-EE1D-4911-98F3-305AD85E9858}.Debug|x86.Build.0 = Debug|x86
		{6510FF9D-EE1D-4911-98F3-305AD85E9858}.Release|Any CPU.ActiveCfg = Release|Any CPU
		{6510FF9D-EE1D-4911-98F3-305AD85E9858}.Release|Any CPU.Build.0 = Release|Any CPU
		{6510FF9D-EE1D-4911-98F3-305AD85E9858}.Release|x64.ActiveCfg = Release|x64
		{6510FF9D-EE1D-4911-98F3-305AD85E9858}.Release|x64.Build.0 = Release|x64
		{6510FF9D-EE1D-4911-98F3-305AD85E9858}.Release|x86.ActiveCfg = Release|Any CPU
		{A3B9AAEE-7B49-47F9-92C1-5840DB68889A}.Debug|Any CPU.ActiveCfg = Debug|Any CPU
		{A3B9AAEE-7B49-47F9-92C1-5840DB68889A}.Debug|Any CPU.Build.0 = Debug|Any CPU
		{A3B9AAEE-7B49-47F9-92C1-5840DB68889A}.Debug|x64.ActiveCfg = Debug|Any CPU
		{A3B9AAEE-7B49-47F9-92C1-5840DB68889A}.Debug|x64.Build.0 = Debug|Any CPU
		{A3B9AAEE-7B49-47F9-92C1-5840DB68889A}.Debug|x86.ActiveCfg = Debug|Any CPU
		{A3B9AAEE-7B49-47F9-92C1-5840DB68889A}.Debug|x86.Build.0 = Debug|Any CPU
		{A3B9AAEE-7B49-47F9-92C1-5840DB68889A}.Release|Any CPU.ActiveCfg = Release|Any CPU
		{A3B9AAEE-7B49-47F9-92C1-5840DB68889A}.Release|Any CPU.Build.0 = Release|Any CPU
		{A3B9AAEE-7B49-47F9-92C1-5840DB68889A}.Release|x64.ActiveCfg = Release|Any CPU
		{A3B9AAEE-7B49-47F9-92C1-5840DB68889A}.Release|x64.Build.0 = Release|Any CPU
		{A3B9AAEE-7B49-47F9-92C1-5840DB68889A}.Release|x86.ActiveCfg = Release|Any CPU
		{A3B9AAEE-7B49-47F9-92C1-5840DB68889A}.Release|x86.Build.0 = Release|Any CPU
	EndGlobalSection
	GlobalSection(SolutionProperties) = preSolution
		HideSolutionNode = FALSE
	EndGlobalSection
	GlobalSection(ExtensibilityGlobals) = postSolution
		SolutionGuid = {8375006E-CBAC-475D-839F-2322B1D22F51}
	EndGlobalSection
	GlobalSection(SubversionScc) = preSolution
		Svn-Managed = True
		Manager = AnkhSVN - Subversion Support for Visual Studio
	EndGlobalSection
EndGlobal
